
Microsoft Visual Studio Solution File, Format Version 12.00
# Visual Studio Version 17
VisualStudioVersion = 17.9.34728.123
MinimumVisualStudioVersion = 10.0.40219.1
Project("{FAE04EC0-301F-11D3-BF4B-00C04F79EFBC}") = "csharp-oop-shop", "csharp-oop-shop\csharp-oop-shop.csproj", "{F5E89547-2EB9-43E1-B985-D7C1D711CFF5}"
EndProject
Global
	GlobalSection(SolutionConfigurationPlatforms) = preSolution
		Debug|Any CPU = Debug|Any CPU
		Release|Any CPU = Release|Any CPU
	EndGlobalSection
	GlobalSection(ProjectConfigurationPlatforms) = postSolution
		{F5E89547-2EB9-43E1-B985-D7C1D711CFF5}.Debug|Any CPU.ActiveCfg = Debug|Any CPU
		{F5E89547-2EB9-43E1-B985-D7C1D711CFF5}.Debug|Any CPU.Build.0 = Debug|Any CPU
		{F5E89547-2EB9-43E1-B985-D7C1D711CFF5}.Release|Any CPU.ActiveCfg = Release|Any CPU
		{F5E89547-2EB9-43E1-B985-D7C1D711CFF5}.Release|Any CPU.Build.0 = Release|Any CPU
	EndGlobalSection
	GlobalSection(SolutionProperties) = preSolution
		HideSolutionNode = FALSE
	EndGlobalSection
	GlobalSection(ExtensibilityGlobals) = postSolution
		SolutionGuid = {CFBC384A-1EBD-444D-AEB9-5D4F25EFCA9D}
	EndGlobalSection
EndGlobal
